
Microsoft Visual Studio Solution File, Format Version 12.00
# Visual Studio 15
VisualStudioVersion = 15.0.28307.329
MinimumVisualStudioVersion = 10.0.40219.1
Project("{FAE04EC0-301F-11D3-BF4B-00C04F79EFBC}") = "ReceiptPrinter", "ReceiptPrinter\ReceiptPrinter.csproj", "{9A50D687-3676-4E87-9831-8D7D73B4FD16}"
EndProject
Project("{FAE04EC0-301F-11D3-BF4B-00C04F79EFBC}") = "ReceiptPrinter.Common", "ReceiptPrinter.Common\ReceiptPrinter.Common.csproj", "{043DC04A-F832-40F4-87A2-84EBAF23DA88}"
EndProject
Project("{FAE04EC0-301F-11D3-BF4B-00C04F79EFBC}") = "TaxServices", "TaxServices\TaxServices.csproj", "{581525E7-5E6F-41F6-B5B5-6D396D556FD9}"
EndProject
Project("{FAE04EC0-301F-11D3-BF4B-00C04F79EFBC}") = "NUnitReceiptPrinter.Testing", "NUnitReceiptPrinter.Testing\NUnitReceiptPrinter.Testing.csproj", "{C5AE8230-94DB-45E2-A5B4-7F75CE6FA4D1}"
EndProject
Global
	GlobalSection(SolutionConfigurationPlatforms) = preSolution
		Debug|Any CPU = Debug|Any CPU
		Release|Any CPU = Release|Any CPU
	EndGlobalSection
	GlobalSection(ProjectConfigurationPlatforms) = postSolution
		{9A50D687-3676-4E87-9831-8D7D73B4FD16}.Debug|Any CPU.ActiveCfg = Debug|Any CPU
		{9A50D687-3676-4E87-9831-8D7D73B4FD16}.Debug|Any CPU.Build.0 = Debug|Any CPU
		{9A50D687-3676-4E87-9831-8D7D73B4FD16}.Release|Any CPU.ActiveCfg = Release|Any CPU
		{9A50D687-3676-4E87-9831-8D7D73B4FD16}.Release|Any CPU.Build.0 = Release|Any CPU
		{043DC04A-F832-40F4-87A2-84EBAF23DA88}.Debug|Any CPU.ActiveCfg = Debug|Any CPU
		{043DC04A-F832-40F4-87A2-84EBAF23DA88}.Debug|Any CPU.Build.0 = Debug|Any CPU
		{043DC04A-F832-40F4-87A2-84EBAF23DA88}.Release|Any CPU.ActiveCfg = Release|Any CPU
		{043DC04A-F832-40F4-87A2-84EBAF23DA88}.Release|Any CPU.Build.0 = Release|Any CPU
		{581525E7-5E6F-41F6-B5B5-6D396D556FD9}.Debug|Any CPU.ActiveCfg = Debug|Any CPU
		{581525E7-5E6F-41F6-B5B5-6D396D556FD9}.Debug|Any CPU.Build.0 = Debug|Any CPU
		{581525E7-5E6F-41F6-B5B5-6D396D556FD9}.Release|Any CPU.ActiveCfg = Release|Any CPU
		{581525E7-5E6F-41F6-B5B5-6D396D556FD9}.Release|Any CPU.Build.0 = Release|Any CPU
		{C5AE8230-94DB-45E2-A5B4-7F75CE6FA4D1}.Debug|Any CPU.ActiveCfg = Debug|Any CPU
		{C5AE8230-94DB-45E2-A5B4-7F75CE6FA4D1}.Debug|Any CPU.Build.0 = Debug|Any CPU
		{C5AE8230-94DB-45E2-A5B4-7F75CE6FA4D1}.Release|Any CPU.ActiveCfg = Release|Any CPU
		{C5AE8230-94DB-45E2-A5B4-7F75CE6FA4D1}.Release|Any CPU.Build.0 = Release|Any CPU
	EndGlobalSection
	GlobalSection(SolutionProperties) = preSolution
		HideSolutionNode = FALSE
	EndGlobalSection
	GlobalSection(ExtensibilityGlobals) = postSolution
		SolutionGuid = {5F06CA0F-59B9-4342-BD8F-847FC727FF39}
	EndGlobalSection
EndGlobal
